
Microsoft Visual Studio Solution File, Format Version 12.00
# Visual Studio 15
VisualStudioVersion = 15.0.28307.271
MinimumVisualStudioVersion = 10.0.40219.1
Project("{8BC9CEB8-8B4A-11D0-8D11-00A0C91BC942}") = "OGL_Engine", "OGL_Engine\OGL_Engine.vcxproj", "{002023E9-A5A9-4EB6-B03C-8184C99802D5}"
EndProject
Global
	GlobalSection(SolutionConfigurationPlatforms) = preSolution
		Debug|x64 = Debug|x64
		Debug|x86 = Debug|x86
		Release|x64 = Release|x64
		Release|x86 = Release|x86
	EndGlobalSection
	GlobalSection(ProjectConfigurationPlatforms) = postSolution
		{002023E9-A5A9-4EB6-B03C-8184C99802D5}.Debug|x64.ActiveCfg = Debug|Win32
		{002023E9-A5A9-4EB6-B03C-8184C99802D5}.Debug|x64.Build.0 = Debug|Win32
		{002023E9-A5A9-4EB6-B03C-8184C99802D5}.Debug|x86.ActiveCfg = Debug|Win32
		{002023E9-A5A9-4EB6-B03C-8184C99802D5}.Debug|x86.Build.0 = Debug|Win32
		{002023E9-A5A9-4EB6-B03C-8184C99802D5}.Release|x64.ActiveCfg = Debug|Win32
		{002023E9-A5A9-4EB6-B03C-8184C99802D5}.Release|x64.Build.0 = Debug|Win32
		{002023E9-A5A9-4EB6-B03C-8184C99802D5}.Release|x86.ActiveCfg = Debug|Win32
		{002023E9-A5A9-4EB6-B03C-8184C99802D5}.Release|x86.Build.0 = Debug|Win32
	EndGlobalSection
	GlobalSection(SolutionProperties) = preSolution
		HideSolutionNode = FALSE
	EndGlobalSection
	GlobalSection(ExtensibilityGlobals) = postSolution
		SolutionGuid = {4F61838B-8868-4DB8-8E1E-13190D5E2448}
	EndGlobalSection
EndGlobal
